// !$*UTF8*$!
{
	archiveVersion = 1;
	classes = {
	};
	objectVersion = 46;
	objects = {

/* Begin PBXBuildFile section */
		DF11A7AD1B9486200024A6B0 /* DefaultTime.swift in Sources */ = {isa = PBXBuildFile; fileRef = DF11A7AC1B9486200024A6B0 /* DefaultTime.swift */; };
		DF11A7AF1B948CC10024A6B0 /* SettingsViewController.swift in Sources */ = {isa = PBXBuildFile; fileRef = DF11A7AE1B948CC10024A6B0 /* SettingsViewController.swift */; };
		DF4B28D01B9111EE008E0D77 /* EditSingleton.swift in Sources */ = {isa = PBXBuildFile; fileRef = DF4B28CF1B9111EE008E0D77 /* EditSingleton.swift */; };
		DF4B28D21B91131F008E0D77 /* EditViewController.swift in Sources */ = {isa = PBXBuildFile; fileRef = DF4B28D11B91131F008E0D77 /* EditViewController.swift */; };
		DFB76BB91B8B5C0100503015 /* AppDelegate.swift in Sources */ = {isa = PBXBuildFile; fileRef = DFB76BB81B8B5C0100503015 /* AppDelegate.swift */; };
		DFB76BBC1B8B5C0100503015 /* Ponto.xcdatamodeld in Sources */ = {isa = PBXBuildFile; fileRef = DFB76BBA1B8B5C0100503015 /* Ponto.xcdatamodeld */; };
		DFB76BC11B8B5C0100503015 /* Main.storyboard in Resources */ = {isa = PBXBuildFile; fileRef = DFB76BBF1B8B5C0100503015 /* Main.storyboard */; };
		DFB76BC31B8B5C0100503015 /* Images.xcassets in Resources */ = {isa = PBXBuildFile; fileRef = DFB76BC21B8B5C0100503015 /* Images.xcassets */; };
		DFB76BC61B8B5C0100503015 /* LaunchScreen.xib in Resources */ = {isa = PBXBuildFile; fileRef = DFB76BC41B8B5C0100503015 /* LaunchScreen.xib */; };
		DFB76BD21B8B5C0100503015 /* PontoTests.swift in Sources */ = {isa = PBXBuildFile; fileRef = DFB76BD11B8B5C0100503015 /* PontoTests.swift */; };
		DFB76BE01B8B5ED600503015 /* MainViewController.swift in Sources */ = {isa = PBXBuildFile; fileRef = DFB76BDF1B8B5ED600503015 /* MainViewController.swift */; };
		DFB76BE21B8B623C00503015 /* Record.swift in Sources */ = {isa = PBXBuildFile; fileRef = DFB76BE11B8B623C00503015 /* Record.swift */; };
		DFB76BE61B8B63A500503015 /* DataStore.swift in Sources */ = {isa = PBXBuildFile; fileRef = DFB76BE51B8B63A500503015 /* DataStore.swift */; };
		DFB76BE81B8B650600503015 /* NewRegisterViewController.swift in Sources */ = {isa = PBXBuildFile; fileRef = DFB76BE71B8B650600503015 /* NewRegisterViewController.swift */; };
		DFB76BEA1B8B65E500503015 /* SMDatePicker.swift in Sources */ = {isa = PBXBuildFile; fileRef = DFB76BE91B8B65E500503015 /* SMDatePicker.swift */; };
		DFC2B2D31B90DEA5009D46A9 /* ImportData.txt in Resources */ = {isa = PBXBuildFile; fileRef = DFC2B2D21B90DEA5009D46A9 /* ImportData.txt */; };
/* End PBXBuildFile section */

/* Begin PBXContainerItemProxy section */
		DFB76BCC1B8B5C0100503015 /* PBXContainerItemProxy */ = {
			isa = PBXContainerItemProxy;
			containerPortal = DFB76BAB1B8B5C0100503015 /* Project object */;
			proxyType = 1;
			remoteGlobalIDString = DFB76BB21B8B5C0100503015;
			remoteInfo = Ponto;
		};
/* End PBXContainerItemProxy section */

/* Begin PBXCopyFilesBuildPhase section */
		DF9872D71BA332F5006D07A9 /* Embed App Extensions */ = {
			isa = PBXCopyFilesBuildPhase;
			buildActionMask = 2147483647;
			dstPath = "";
			dstSubfolderSpec = 13;
			files = (
			);
			name = "Embed App Extensions";
			runOnlyForDeploymentPostprocessing = 0;
		};
/* End PBXCopyFilesBuildPhase section */

/* Begin PBXFileReference section */
		DF11A7AC1B9486200024A6B0 /* DefaultTime.swift */ = {isa = PBXFileReference; fileEncoding = 4; lastKnownFileType = sourcecode.swift; path = DefaultTime.swift; sourceTree = "<group>"; };
		DF11A7AE1B948CC10024A6B0 /* SettingsViewController.swift */ = {isa = PBXFileReference; fileEncoding = 4; lastKnownFileType = sourcecode.swift; path = SettingsViewController.swift; sourceTree = "<group>"; };
		DF4B28CF1B9111EE008E0D77 /* EditSingleton.swift */ = {isa = PBXFileReference; fileEncoding = 4; lastKnownFileType = sourcecode.swift; path = EditSingleton.swift; sourceTree = "<group>"; };
		DF4B28D11B91131F008E0D77 /* EditViewController.swift */ = {isa = PBXFileReference; fileEncoding = 4; lastKnownFileType = sourcecode.swift; path = EditViewController.swift; sourceTree = "<group>"; };
		DF529BA21B98C5FD00EDCB48 /* Ponto v2.xcdatamodel */ = {isa = PBXFileReference; lastKnownFileType = wrapper.xcdatamodel; path = "Ponto v2.xcdatamodel"; sourceTree = "<group>"; };
		DF9872C81BA332F5006D07A9 /* NotificationCenter.framework */ = {isa = PBXFileReference; lastKnownFileType = wrapper.framework; name = NotificationCenter.framework; path = System/Library/Frameworks/NotificationCenter.framework; sourceTree = SDKROOT; };
		DF9872CB1BA332F5006D07A9 /* TodayViewController.swift */ = {isa = PBXFileReference; lastKnownFileType = sourcecode.swift; path = TodayViewController.swift; sourceTree = "<group>"; };
		DF9872CE1BA332F5006D07A9 /* Base */ = {isa = PBXFileReference; lastKnownFileType = file.storyboard; name = Base; path = Base.lproj/MainInterface.storyboard; sourceTree = "<group>"; };
		DF9872D01BA332F5006D07A9 /* Info.plist */ = {isa = PBXFileReference; lastKnownFileType = text.plist.xml; path = Info.plist; sourceTree = "<group>"; };
		DFB518421BA34EB40016A737 /* Ponto.entitlements */ = {isa = PBXFileReference; lastKnownFileType = text.xml; path = Ponto.entitlements; sourceTree = "<group>"; };
		DFB518431BA34FE50016A737 /* Ponto Widget.entitlements */ = {isa = PBXFileReference; lastKnownFileType = text.xml; path = "Ponto Widget.entitlements"; sourceTree = "<group>"; };
		DFB76BB31B8B5C0100503015 /* Ponto.app */ = {isa = PBXFileReference; explicitFileType = wrapper.application; includeInIndex = 0; path = Ponto.app; sourceTree = BUILT_PRODUCTS_DIR; };
		DFB76BB71B8B5C0100503015 /* Info.plist */ = {isa = PBXFileReference; lastKnownFileType = text.plist.xml; path = Info.plist; sourceTree = "<group>"; };
		DFB76BB81B8B5C0100503015 /* AppDelegate.swift */ = {isa = PBXFileReference; lastKnownFileType = sourcecode.swift; path = AppDelegate.swift; sourceTree = "<group>"; };
		DFB76BBB1B8B5C0100503015 /* Ponto.xcdatamodel */ = {isa = PBXFileReference; lastKnownFileType = wrapper.xcdatamodel; path = Ponto.xcdatamodel; sourceTree = "<group>"; };
		DFB76BC01B8B5C0100503015 /* Base */ = {isa = PBXFileReference; lastKnownFileType = file.storyboard; name = Base; path = Base.lproj/Main.storyboard; sourceTree = "<group>"; };
		DFB76BC21B8B5C0100503015 /* Images.xcassets */ = {isa = PBXFileReference; lastKnownFileType = folder.assetcatalog; path = Images.xcassets; sourceTree = "<group>"; };
		DFB76BC51B8B5C0100503015 /* Base */ = {isa = PBXFileReference; lastKnownFileType = file.xib; name = Base; path = Base.lproj/LaunchScreen.xib; sourceTree = "<group>"; };
		DFB76BCB1B8B5C0100503015 /* PontoTests.xctest */ = {isa = PBXFileReference; explicitFileType = wrapper.cfbundle; includeInIndex = 0; path = PontoTests.xctest; sourceTree = BUILT_PRODUCTS_DIR; };
		DFB76BD01B8B5C0100503015 /* Info.plist */ = {isa = PBXFileReference; lastKnownFileType = text.plist.xml; path = Info.plist; sourceTree = "<group>"; };
		DFB76BD11B8B5C0100503015 /* PontoTests.swift */ = {isa = PBXFileReference; lastKnownFileType = sourcecode.swift; path = PontoTests.swift; sourceTree = "<group>"; };
		DFB76BDF1B8B5ED600503015 /* MainViewController.swift */ = {isa = PBXFileReference; fileEncoding = 4; lastKnownFileType = sourcecode.swift; path = MainViewController.swift; sourceTree = "<group>"; };
		DFB76BE11B8B623C00503015 /* Record.swift */ = {isa = PBXFileReference; fileEncoding = 4; lastKnownFileType = sourcecode.swift; path = Record.swift; sourceTree = "<group>"; };
		DFB76BE51B8B63A500503015 /* DataStore.swift */ = {isa = PBXFileReference; fileEncoding = 4; lastKnownFileType = sourcecode.swift; path = DataStore.swift; sourceTree = "<group>"; };
		DFB76BE71B8B650600503015 /* NewRegisterViewController.swift */ = {isa = PBXFileReference; fileEncoding = 4; lastKnownFileType = sourcecode.swift; path = NewRegisterViewController.swift; sourceTree = "<group>"; };
		DFB76BE91B8B65E500503015 /* SMDatePicker.swift */ = {isa = PBXFileReference; fileEncoding = 4; lastKnownFileType = sourcecode.swift; path = SMDatePicker.swift; sourceTree = "<group>"; };
		DFC2B2D21B90DEA5009D46A9 /* ImportData.txt */ = {isa = PBXFileReference; fileEncoding = 4; lastKnownFileType = text; path = ImportData.txt; sourceTree = "<group>"; };
/* End PBXFileReference section */

/* Begin PBXFrameworksBuildPhase section */
		DFB76BB01B8B5C0100503015 /* Frameworks */ = {
			isa = PBXFrameworksBuildPhase;
			buildActionMask = 2147483647;
			files = (
			);
			runOnlyForDeploymentPostprocessing = 0;
		};
		DFB76BC81B8B5C0100503015 /* Frameworks */ = {
			isa = PBXFrameworksBuildPhase;
			buildActionMask = 2147483647;
			files = (
			);
			runOnlyForDeploymentPostprocessing = 0;
		};
/* End PBXFrameworksBuildPhase section */

/* Begin PBXGroup section */
		DF9872C71BA332F5006D07A9 /* Frameworks */ = {
			isa = PBXGroup;
			children = (
				DF9872C81BA332F5006D07A9 /* NotificationCenter.framework */,
			);
			name = Frameworks;
			sourceTree = "<group>";
		};
		DF9872CA1BA332F5006D07A9 /* Ponto Widget */ = {
			isa = PBXGroup;
			children = (
				DFB518431BA34FE50016A737 /* Ponto Widget.entitlements */,
				DF9872CB1BA332F5006D07A9 /* TodayViewController.swift */,
				DF9872CD1BA332F5006D07A9 /* MainInterface.storyboard */,
				DF9872D01BA332F5006D07A9 /* Info.plist */,
			);
			path = "Ponto Widget";
			sourceTree = "<group>";
		};
		DFB76BAA1B8B5C0100503015 = {
			isa = PBXGroup;
			children = (
				DFB76BCE1B8B5C0100503015 /* PontoTests */,
				DF9872CA1BA332F5006D07A9 /* Ponto Widget */,
				DF9872C71BA332F5006D07A9 /* Frameworks */,
				DFB76BB41B8B5C0100503015 /* Products */,
				DFB76BB51B8B5C0100503015 /* Ponto */,
			);
			sourceTree = "<group>";
		};
		DFB76BB41B8B5C0100503015 /* Products */ = {
			isa = PBXGroup;
			children = (
				DFB76BB31B8B5C0100503015 /* Ponto.app */,
				DFB76BCB1B8B5C0100503015 /* PontoTests.xctest */,
			);
			name = Products;
			sourceTree = "<group>";
		};
		DFB76BB51B8B5C0100503015 /* Ponto */ = {
			isa = PBXGroup;
			children = (
				DFB518421BA34EB40016A737 /* Ponto.entitlements */,
				DFB76BDE1B8B5CF900503015 /* Resources */,
				DFB76BDD1B8B5CEF00503015 /* Controller */,
				DFB76BDC1B8B5CEB00503015 /* View */,
				DFB76BDB1B8B5CE200503015 /* Model */,
				DFB76BB61B8B5C0100503015 /* Supporting Files */,
			);
			path = Ponto;
			sourceTree = "<group>";
		};
		DFB76BB61B8B5C0100503015 /* Supporting Files */ = {
			isa = PBXGroup;
			children = (
				DFB76BB71B8B5C0100503015 /* Info.plist */,
			);
			name = "Supporting Files";
			sourceTree = "<group>";
		};
		DFB76BCE1B8B5C0100503015 /* PontoTests */ = {
			isa = PBXGroup;
			children = (
				DFB76BD11B8B5C0100503015 /* PontoTests.swift */,
				DFB76BCF1B8B5C0100503015 /* Supporting Files */,
			);
			path = PontoTests;
			sourceTree = "<group>";
		};
		DFB76BCF1B8B5C0100503015 /* Supporting Files */ = {
			isa = PBXGroup;
			children = (
				DFB76BD01B8B5C0100503015 /* Info.plist */,
			);
			name = "Supporting Files";
			sourceTree = "<group>";
		};
		DFB76BDB1B8B5CE200503015 /* Model */ = {
			isa = PBXGroup;
			children = (
				DFB76BB81B8B5C0100503015 /* AppDelegate.swift */,
			);
			name = Model;
			sourceTree = "<group>";
		};
		DFB76BDC1B8B5CEB00503015 /* View */ = {
			isa = PBXGroup;
			children = (
				DFB76BBF1B8B5C0100503015 /* Main.storyboard */,
				DFB76BC41B8B5C0100503015 /* LaunchScreen.xib */,
			);
			name = View;
			sourceTree = "<group>";
		};
		DFB76BDD1B8B5CEF00503015 /* Controller */ = {
			isa = PBXGroup;
			children = (
				DFB76BEB1B8B660400503015 /* DatePicker */,
				DFB76BDF1B8B5ED600503015 /* MainViewController.swift */,
				DFB76BE71B8B650600503015 /* NewRegisterViewController.swift */,
				DF4B28D11B91131F008E0D77 /* EditViewController.swift */,
				DF11A7AE1B948CC10024A6B0 /* SettingsViewController.swift */,
			);
			name = Controller;
			sourceTree = "<group>";
		};
		DFB76BDE1B8B5CF900503015 /* Resources */ = {
			isa = PBXGroup;
			children = (
				DF4B28CF1B9111EE008E0D77 /* EditSingleton.swift */,
				DFB76BE31B8B624700503015 /* DB */,
				DFB76BE41B8B625000503015 /* Assets */,
				DFC2B2D21B90DEA5009D46A9 /* ImportData.txt */,
			);
			name = Resources;
			sourceTree = "<group>";
		};
		DFB76BE31B8B624700503015 /* DB */ = {
			isa = PBXGroup;
			children = (
				DFB76BBA1B8B5C0100503015 /* Ponto.xcdatamodeld */,
				DFB76BE51B8B63A500503015 /* DataStore.swift */,
				DF11A7AC1B9486200024A6B0 /* DefaultTime.swift */,
				DFB76BE11B8B623C00503015 /* Record.swift */,
			);
			name = DB;
			sourceTree = "<group>";
		};
		DFB76BE41B8B625000503015 /* Assets */ = {
			isa = PBXGroup;
			children = (
				DFB76BC21B8B5C0100503015 /* Images.xcassets */,
			);
			name = Assets;
			sourceTree = "<group>";
		};
		DFB76BEB1B8B660400503015 /* DatePicker */ = {
			isa = PBXGroup;
			children = (
				DFB76BE91B8B65E500503015 /* SMDatePicker.swift */,
			);
			name = DatePicker;
			sourceTree = "<group>";
		};
/* End PBXGroup section */

/* Begin PBXNativeTarget section */
		DFB76BB21B8B5C0100503015 /* Ponto */ = {
			isa = PBXNativeTarget;
			buildConfigurationList = DFB76BD51B8B5C0100503015 /* Build configuration list for PBXNativeTarget "Ponto" */;
			buildPhases = (
				DFB76BAF1B8B5C0100503015 /* Sources */,
				DFB76BB01B8B5C0100503015 /* Frameworks */,
				DFB76BB11B8B5C0100503015 /* Resources */,
				DF9872D71BA332F5006D07A9 /* Embed App Extensions */,
			);
			buildRules = (
			);
			dependencies = (
			);
			name = Ponto;
			productName = Ponto;
			productReference = DFB76BB31B8B5C0100503015 /* Ponto.app */;
			productType = "com.apple.product-type.application";
		};
		DFB76BCA1B8B5C0100503015 /* PontoTests */ = {
			isa = PBXNativeTarget;
			buildConfigurationList = DFB76BD81B8B5C0100503015 /* Build configuration list for PBXNativeTarget "PontoTests" */;
			buildPhases = (
				DFB76BC71B8B5C0100503015 /* Sources */,
				DFB76BC81B8B5C0100503015 /* Frameworks */,
				DFB76BC91B8B5C0100503015 /* Resources */,
			);
			buildRules = (
			);
			dependencies = (
				DFB76BCD1B8B5C0100503015 /* PBXTargetDependency */,
			);
			name = PontoTests;
			productName = PontoTests;
			productReference = DFB76BCB1B8B5C0100503015 /* PontoTests.xctest */;
			productType = "com.apple.product-type.bundle.unit-test";
		};
/* End PBXNativeTarget section */

/* Begin PBXProject section */
		DFB76BAB1B8B5C0100503015 /* Project object */ = {
			isa = PBXProject;
			attributes = {
				LastSwiftMigration = 0700;
				LastSwiftUpdateCheck = 0700;
				LastUpgradeCheck = 0800;
				ORGANIZATIONNAME = "Fernando Cani";
				TargetAttributes = {
					DFB76BB21B8B5C0100503015 = {
						CreatedOnToolsVersion = 6.4;
						DevelopmentTeam = YNJCX2546B;
						DevelopmentTeamName = "Fernando Cani (Personal Team)";
						LastSwiftMigration = 0800;
						ProvisioningStyle = Automatic;
						SystemCapabilities = {
							com.apple.ApplicationGroups.iOS = {
								enabled = 0;
							};
						};
					};
					DFB76BCA1B8B5C0100503015 = {
						CreatedOnToolsVersion = 6.4;
						LastSwiftMigration = 0800;
						TestTargetID = DFB76BB21B8B5C0100503015;
					};
				};
			};
			buildConfigurationList = DFB76BAE1B8B5C0100503015 /* Build configuration list for PBXProject "Ponto" */;
			compatibilityVersion = "Xcode 3.2";
			developmentRegion = English;
			hasScannedForEncodings = 0;
			knownRegions = (
				en,
				Base,
			);
			mainGroup = DFB76BAA1B8B5C0100503015;
			productRefGroup = DFB76BB41B8B5C0100503015 /* Products */;
			projectDirPath = "";
			projectRoot = "";
			targets = (
				DFB76BB21B8B5C0100503015 /* Ponto */,
				DFB76BCA1B8B5C0100503015 /* PontoTests */,
			);
		};
/* End PBXProject section */

/* Begin PBXResourcesBuildPhase section */
		DFB76BB11B8B5C0100503015 /* Resources */ = {
			isa = PBXResourcesBuildPhase;
			buildActionMask = 2147483647;
			files = (
				DFB76BC11B8B5C0100503015 /* Main.storyboard in Resources */,
				DFC2B2D31B90DEA5009D46A9 /* ImportData.txt in Resources */,
				DFB76BC61B8B5C0100503015 /* LaunchScreen.xib in Resources */,
				DFB76BC31B8B5C0100503015 /* Images.xcassets in Resources */,
			);
			runOnlyForDeploymentPostprocessing = 0;
		};
		DFB76BC91B8B5C0100503015 /* Resources */ = {
			isa = PBXResourcesBuildPhase;
			buildActionMask = 2147483647;
			files = (
			);
			runOnlyForDeploymentPostprocessing = 0;
		};
/* End PBXResourcesBuildPhase section */

/* Begin PBXSourcesBuildPhase section */
		DFB76BAF1B8B5C0100503015 /* Sources */ = {
			isa = PBXSourcesBuildPhase;
			buildActionMask = 2147483647;
			files = (
				DFB76BE21B8B623C00503015 /* Record.swift in Sources */,
				DFB76BE01B8B5ED600503015 /* MainViewController.swift in Sources */,
				DF11A7AF1B948CC10024A6B0 /* SettingsViewController.swift in Sources */,
				DF11A7AD1B9486200024A6B0 /* DefaultTime.swift in Sources */,
				DFB76BBC1B8B5C0100503015 /* Ponto.xcdatamodeld in Sources */,
				DFB76BE61B8B63A500503015 /* DataStore.swift in Sources */,
				DFB76BE81B8B650600503015 /* NewRegisterViewController.swift in Sources */,
				DFB76BB91B8B5C0100503015 /* AppDelegate.swift in Sources */,
				DFB76BEA1B8B65E500503015 /* SMDatePicker.swift in Sources */,
				DF4B28D01B9111EE008E0D77 /* EditSingleton.swift in Sources */,
				DF4B28D21B91131F008E0D77 /* EditViewController.swift in Sources */,
			);
			runOnlyForDeploymentPostprocessing = 0;
		};
		DFB76BC71B8B5C0100503015 /* Sources */ = {
			isa = PBXSourcesBuildPhase;
			buildActionMask = 2147483647;
			files = (
				DFB76BD21B8B5C0100503015 /* PontoTests.swift in Sources */,
			);
			runOnlyForDeploymentPostprocessing = 0;
		};
/* End PBXSourcesBuildPhase section */

/* Begin PBXTargetDependency section */
		DFB76BCD1B8B5C0100503015 /* PBXTargetDependency */ = {
			isa = PBXTargetDependency;
			target = DFB76BB21B8B5C0100503015 /* Ponto */;
			targetProxy = DFB76BCC1B8B5C0100503015 /* PBXContainerItemProxy */;
		};
/* End PBXTargetDependency section */

/* Begin PBXVariantGroup section */
		DF9872CD1BA332F5006D07A9 /* MainInterface.storyboard */ = {
			isa = PBXVariantGroup;
			children = (
				DF9872CE1BA332F5006D07A9 /* Base */,
			);
			name = MainInterface.storyboard;
			sourceTree = "<group>";
		};
		DFB76BBF1B8B5C0100503015 /* Main.storyboard */ = {
			isa = PBXVariantGroup;
			children = (
				DFB76BC01B8B5C0100503015 /* Base */,
			);
			name = Main.storyboard;
			sourceTree = "<group>";
		};
		DFB76BC41B8B5C0100503015 /* LaunchScreen.xib */ = {
			isa = PBXVariantGroup;
			children = (
				DFB76BC51B8B5C0100503015 /* Base */,
			);
			name = LaunchScreen.xib;
			sourceTree = "<group>";
		};
/* End PBXVariantGroup section */

/* Begin XCBuildConfiguration section */
		DFB76BD31B8B5C0100503015 /* Debug */ = {
			isa = XCBuildConfiguration;
			buildSettings = {
				ALWAYS_SEARCH_USER_PATHS = NO;
				CLANG_CXX_LANGUAGE_STANDARD = "gnu++0x";
				CLANG_CXX_LIBRARY = "libc++";
				CLANG_ENABLE_MODULES = YES;
				CLANG_ENABLE_OBJC_ARC = YES;
				CLANG_WARN_BOOL_CONVERSION = YES;
				CLANG_WARN_CONSTANT_CONVERSION = YES;
				CLANG_WARN_DIRECT_OBJC_ISA_USAGE = YES_ERROR;
				CLANG_WARN_EMPTY_BODY = YES;
				CLANG_WARN_ENUM_CONVERSION = YES;
				CLANG_WARN_INT_CONVERSION = YES;
				CLANG_WARN_OBJC_ROOT_CLASS = YES_ERROR;
				CLANG_WARN_UNREACHABLE_CODE = YES;
				CLANG_WARN__DUPLICATE_METHOD_MATCH = YES;
				"CODE_SIGN_IDENTITY[sdk=iphoneos*]" = "iPhone Developer";
				COPY_PHASE_STRIP = NO;
				DEBUG_INFORMATION_FORMAT = "dwarf-with-dsym";
				ENABLE_STRICT_OBJC_MSGSEND = YES;
				ENABLE_TESTABILITY = YES;
				GCC_C_LANGUAGE_STANDARD = gnu99;
				GCC_DYNAMIC_NO_PIC = NO;
				GCC_NO_COMMON_BLOCKS = YES;
				GCC_OPTIMIZATION_LEVEL = 0;
				GCC_PREPROCESSOR_DEFINITIONS = (
					"DEBUG=1",
					"$(inherited)",
				);
				GCC_SYMBOLS_PRIVATE_EXTERN = NO;
				GCC_WARN_64_TO_32_BIT_CONVERSION = YES;
				GCC_WARN_ABOUT_RETURN_TYPE = YES_ERROR;
				GCC_WARN_UNDECLARED_SELECTOR = YES;
				GCC_WARN_UNINITIALIZED_AUTOS = YES_AGGRESSIVE;
				GCC_WARN_UNUSED_FUNCTION = YES;
				GCC_WARN_UNUSED_VARIABLE = YES;
				IPHONEOS_DEPLOYMENT_TARGET = 10.0;
				MTL_ENABLE_DEBUG_INFO = YES;
				ONLY_ACTIVE_ARCH = YES;
				SDKROOT = iphoneos;
				SWIFT_OPTIMIZATION_LEVEL = "-Onone";
				TARGETED_DEVICE_FAMILY = "1,2";
			};
			name = Debug;
		};
		DFB76BD41B8B5C0100503015 /* Release */ = {
			isa = XCBuildConfiguration;
			buildSettings = {
				ALWAYS_SEARCH_USER_PATHS = NO;
				CLANG_CXX_LANGUAGE_STANDARD = "gnu++0x";
				CLANG_CXX_LIBRARY = "libc++";
				CLANG_ENABLE_MODULES = YES;
				CLANG_ENABLE_OBJC_ARC = YES;
				CLANG_WARN_BOOL_CONVERSION = YES;
				CLANG_WARN_CONSTANT_CONVERSION = YES;
				CLANG_WARN_DIRECT_OBJC_ISA_USAGE = YES_ERROR;
				CLANG_WARN_EMPTY_BODY = YES;
				CLANG_WARN_ENUM_CONVERSION = YES;
				CLANG_WARN_INT_CONVERSION = YES;
				CLANG_WARN_OBJC_ROOT_CLASS = YES_ERROR;
				CLANG_WARN_UNREACHABLE_CODE = YES;
				CLANG_WARN__DUPLICATE_METHOD_MATCH = YES;
				"CODE_SIGN_IDENTITY[sdk=iphoneos*]" = "iPhone Developer";
				COPY_PHASE_STRIP = NO;
				DEBUG_INFORMATION_FORMAT = "dwarf-with-dsym";
				ENABLE_NS_ASSERTIONS = NO;
				ENABLE_STRICT_OBJC_MSGSEND = YES;
				GCC_C_LANGUAGE_STANDARD = gnu99;
				GCC_NO_COMMON_BLOCKS = YES;
				GCC_WARN_64_TO_32_BIT_CONVERSION = YES;
				GCC_WARN_ABOUT_RETURN_TYPE = YES_ERROR;
				GCC_WARN_UNDECLARED_SELECTOR = YES;
				GCC_WARN_UNINITIALIZED_AUTOS = YES_AGGRESSIVE;
				GCC_WARN_UNUSED_FUNCTION = YES;
				GCC_WARN_UNUSED_VARIABLE = YES;
				IPHONEOS_DEPLOYMENT_TARGET = 10.0;
				MTL_ENABLE_DEBUG_INFO = NO;
				SDKROOT = iphoneos;
				TARGETED_DEVICE_FAMILY = "1,2";
				VALIDATE_PRODUCT = YES;
			};
			name = Release;
		};
		DFB76BD61B8B5C0100503015 /* Debug */ = {
			isa = XCBuildConfiguration;
			buildSettings = {
				ALWAYS_EMBED_SWIFT_STANDARD_LIBRARIES = YES;
				ASSETCATALOG_COMPILER_APPICON_NAME = AppIcon;
				CODE_SIGN_IDENTITY = "iPhone Developer";
				"CODE_SIGN_IDENTITY[sdk=iphoneos*]" = "iPhone Developer";
				INFOPLIST_FILE = Ponto/Info.plist;
				IPHONEOS_DEPLOYMENT_TARGET = 10.0;
				LD_RUNPATH_SEARCH_PATHS = "$(inherited) @executable_path/Frameworks";
				PRODUCT_BUNDLE_IDENTIFIER = br.com.fernandocanigmail.Ponto;
				PRODUCT_NAME = "$(TARGET_NAME)";
				PROVISIONING_PROFILE = "";
				SWIFT_VERSION = 3.0;
			};
			name = Debug;
		};
		DFB76BD71B8B5C0100503015 /* Release */ = {
			isa = XCBuildConfiguration;
			buildSettings = {
				ALWAYS_EMBED_SWIFT_STANDARD_LIBRARIES = YES;
				ASSETCATALOG_COMPILER_APPICON_NAME = AppIcon;
				CODE_SIGN_IDENTITY = "iPhone Developer";
				"CODE_SIGN_IDENTITY[sdk=iphoneos*]" = "iPhone Developer";
				INFOPLIST_FILE = Ponto/Info.plist;
				IPHONEOS_DEPLOYMENT_TARGET = 10.0;
				LD_RUNPATH_SEARCH_PATHS = "$(inherited) @executable_path/Frameworks";
				PRODUCT_BUNDLE_IDENTIFIER = br.com.fernandocanigmail.Ponto;
				PRODUCT_NAME = "$(TARGET_NAME)";
				PROVISIONING_PROFILE = "";
				SWIFT_OPTIMIZATION_LEVEL = "-Owholemodule";
				SWIFT_VERSION = 3.0;
			};
			name = Release;
		};
		DFB76BD91B8B5C0100503015 /* Debug */ = {
			isa = XCBuildConfiguration;
			buildSettings = {
				BUNDLE_LOADER = "$(TEST_HOST)";
				FRAMEWORK_SEARCH_PATHS = (
					"$(SDKROOT)/Developer/Library/Frameworks",
					"$(inherited)",
				);
				GCC_PREPROCESSOR_DEFINITIONS = (
					"DEBUG=1",
					"$(inherited)",
				);
				INFOPLIST_FILE = PontoTests/Info.plist;
				LD_RUNPATH_SEARCH_PATHS = "$(inherited) @executable_path/Frameworks @loader_path/Frameworks";
				PRODUCT_BUNDLE_IDENTIFIER = "br.com.fernandocani.$(PRODUCT_NAME:rfc1034identifier)";
				PRODUCT_NAME = "$(TARGET_NAME)";
				SWIFT_VERSION = 3.0;
				TEST_HOST = "$(BUILT_PRODUCTS_DIR)/Ponto.app/Ponto";
			};
			name = Debug;
		};
		DFB76BDA1B8B5C0100503015 /* Release */ = {
			isa = XCBuildConfiguration;
			buildSettings = {
				BUNDLE_LOADER = "$(TEST_HOST)";
				FRAMEWORK_SEARCH_PATHS = (
					"$(SDKROOT)/Developer/Library/Frameworks",
					"$(inherited)",
				);
				INFOPLIST_FILE = PontoTests/Info.plist;
				LD_RUNPATH_SEARCH_PATHS = "$(inherited) @executable_path/Frameworks @loader_path/Frameworks";
				PRODUCT_BUNDLE_IDENTIFIER = "br.com.fernandocani.$(PRODUCT_NAME:rfc1034identifier)";
				PRODUCT_NAME = "$(TARGET_NAME)";
				SWIFT_OPTIMIZATION_LEVEL = "-Owholemodule";
				SWIFT_VERSION = 3.0;
				TEST_HOST = "$(BUILT_PRODUCTS_DIR)/Ponto.app/Ponto";
			};
			name = Release;
		};
/* End XCBuildConfiguration section */

/* Begin XCConfigurationList section */
		DFB76BAE1B8B5C0100503015 /* Build configuration list for PBXProject "Ponto" */ = {
			isa = XCConfigurationList;
			buildConfigurations = (
				DFB76BD31B8B5C0100503015 /* Debug */,
				DFB76BD41B8B5C0100503015 /* Release */,
			);
			defaultConfigurationIsVisible = 0;
			defaultConfigurationName = Release;
		};
		DFB76BD51B8B5C0100503015 /* Build configuration list for PBXNativeTarget "Ponto" */ = {
			isa = XCConfigurationList;
			buildConfigurations = (
				DFB76BD61B8B5C0100503015 /* Debug */,
				DFB76BD71B8B5C0100503015 /* Release */,
			);
			defaultConfigurationIsVisible = 0;
			defaultConfigurationName = Release;
		};
		DFB76BD81B8B5C0100503015 /* Build configuration list for PBXNativeTarget "PontoTests" */ = {
			isa = XCConfigurationList;
			buildConfigurations = (
				DFB76BD91B8B5C0100503015 /* Debug */,
				DFB76BDA1B8B5C0100503015 /* Release */,
			);
			defaultConfigurationIsVisible = 0;
			defaultConfigurationName = Release;
		};
/* End XCConfigurationList section */

/* Begin XCVersionGroup section */
		DFB76BBA1B8B5C0100503015 /* Ponto.xcdatamodeld */ = {
			isa = XCVersionGroup;
			children = (
				DF529BA21B98C5FD00EDCB48 /* Ponto v2.xcdatamodel */,
				DFB76BBB1B8B5C0100503015 /* Ponto.xcdatamodel */,
			);
			currentVersion = DFB76BBB1B8B5C0100503015 /* Ponto.xcdatamodel */;
			path = Ponto.xcdatamodeld;
			sourceTree = "<group>";
			versionGroupType = wrapper.xcdatamodel;
		};
/* End XCVersionGroup section */
	};
	rootObject = DFB76BAB1B8B5C0100503015 /* Project object */;
}
